
Microsoft Visual Studio Solution File, Format Version 12.00
# Visual Studio Version 17
VisualStudioVersion = 17.1.32421.90
MinimumVisualStudioVersion = 10.0.40219.1
Project("{FAE04EC0-301F-11D3-BF4B-00C04F79EFBC}") = "Plot_Taipei_RainfallMap", "Plot_Taipei_RainfallMap.csproj", "{A38C8237-E337-4F13-8CEC-553097C50827}"
EndProject
Global
	GlobalSection(SolutionConfigurationPlatforms) = preSolution
		Debug|Any CPU = Debug|Any CPU
		Release|Any CPU = Release|Any CPU
	EndGlobalSection
	GlobalSection(ProjectConfigurationPlatforms) = postSolution
		{A38C8237-E337-4F13-8CEC-553097C50827}.Debug|Any CPU.ActiveCfg = Debug|Any CPU
		{A38C8237-E337-4F13-8CEC-553097C50827}.Debug|Any CPU.Build.0 = Debug|Any CPU
		{A38C8237-E337-4F13-8CEC-553097C50827}.Release|Any CPU.ActiveCfg = Release|Any CPU
		{A38C8237-E337-4F13-8CEC-553097C50827}.Release|Any CPU.Build.0 = Release|Any CPU
	EndGlobalSection
	GlobalSection(SolutionProperties) = preSolution
		HideSolutionNode = FALSE
	EndGlobalSection
	GlobalSection(ExtensibilityGlobals) = postSolution
		SolutionGuid = {4108016E-16AC-42FA-8A0A-00989F41EBC0}
	EndGlobalSection
EndGlobal
